
Microsoft Visual Studio Solution File, Format Version 12.00
# Visual Studio Version 17
VisualStudioVersion = 17.8.34511.84
MinimumVisualStudioVersion = 10.0.40219.1
Project("{FAE04EC0-301F-11D3-BF4B-00C04F79EFBC}") = "Blacken Bank", "Blacken Bank.csproj", "{39D73E9F-BE59-45D7-8704-A3B946F2B374}"
EndProject
Global
	GlobalSection(SolutionConfigurationPlatforms) = preSolution
		Debug|Any CPU = Debug|Any CPU
		Release|Any CPU = Release|Any CPU
	EndGlobalSection
	GlobalSection(ProjectConfigurationPlatforms) = postSolution
		{39D73E9F-BE59-45D7-8704-A3B946F2B374}.Debug|Any CPU.ActiveCfg = Debug|Any CPU
		{39D73E9F-BE59-45D7-8704-A3B946F2B374}.Debug|Any CPU.Build.0 = Debug|Any CPU
		{39D73E9F-BE59-45D7-8704-A3B946F2B374}.Release|Any CPU.ActiveCfg = Release|Any CPU
		{39D73E9F-BE59-45D7-8704-A3B946F2B374}.Release|Any CPU.Build.0 = Release|Any CPU
	EndGlobalSection
	GlobalSection(SolutionProperties) = preSolution
		HideSolutionNode = FALSE
	EndGlobalSection
	GlobalSection(ExtensibilityGlobals) = postSolution
		SolutionGuid = {A5F3BCE2-D45E-4954-8CED-F70A99AEAE04}
	EndGlobalSection
EndGlobal
